
Microsoft Visual Studio Solution File, Format Version 12.00
# Visual Studio 15
VisualStudioVersion = 15.0.28010.2046
MinimumVisualStudioVersion = 10.0.40219.1
Project("{FAE04EC0-301F-11D3-BF4B-00C04F79EFBC}") = "Kelompok27.Android", "Kelompok27\Kelompok27.Android\Kelompok27.Android.csproj", "{F45AF5BA-87C1-4599-B797-32FBBAF19A4F}"
EndProject
Project("{FAE04EC0-301F-11D3-BF4B-00C04F79EFBC}") = "Kelompok27.iOS", "Kelompok27\Kelompok27.iOS\Kelompok27.iOS.csproj", "{27F92734-C67A-44FA-A8B4-7B4533FF1B16}"
EndProject
Project("{FAE04EC0-301F-11D3-BF4B-00C04F79EFBC}") = "Kelompok27.UWP", "Kelompok27\Kelompok27.UWP\Kelompok27.UWP.csproj", "{CDD2044A-D9D2-426B-831D-51A79412D378}"
EndProject
Project("{FAE04EC0-301F-11D3-BF4B-00C04F79EFBC}") = "Kelompok27", "Kelompok27\Kelompok27\Kelompok27.csproj", "{4FF7B0C3-FEB9-45BF-93F7-4C99722B759B}"
EndProject
Global
	GlobalSection(SolutionConfigurationPlatforms) = preSolution
		Ad-Hoc|Any CPU = Ad-Hoc|Any CPU
		Ad-Hoc|ARM = Ad-Hoc|ARM
		Ad-Hoc|iPhone = Ad-Hoc|iPhone
		Ad-Hoc|iPhoneSimulator = Ad-Hoc|iPhoneSimulator
		Ad-Hoc|x64 = Ad-Hoc|x64
		Ad-Hoc|x86 = Ad-Hoc|x86
		AppStore|Any CPU = AppStore|Any CPU
		AppStore|ARM = AppStore|ARM
		AppStore|iPhone = AppStore|iPhone
		AppStore|iPhoneSimulator = AppStore|iPhoneSimulator
		AppStore|x64 = AppStore|x64
		AppStore|x86 = AppStore|x86
		Debug|Any CPU = Debug|Any CPU
		Debug|ARM = Debug|ARM
		Debug|iPhone = Debug|iPhone
		Debug|iPhoneSimulator = Debug|iPhoneSimulator
		Debug|x64 = Debug|x64
		Debug|x86 = Debug|x86
		Release|Any CPU = Release|Any CPU
		Release|ARM = Release|ARM
		Release|iPhone = Release|iPhone
		Release|iPhoneSimulator = Release|iPhoneSimulator
		Release|x64 = Release|x64
		Release|x86 = Release|x86
	EndGlobalSection
	GlobalSection(ProjectConfigurationPlatforms) = postSolution
		{F45AF5BA-87C1-4599-B797-32FBBAF19A4F}.Ad-Hoc|Any CPU.ActiveCfg = Release|Any CPU
		{F45AF5BA-87C1-4599-B797-32FBBAF19A4F}.Ad-Hoc|Any CPU.Build.0 = Release|Any CPU
		{F45AF5BA-87C1-4599-B797-32FBBAF19A4F}.Ad-Hoc|Any CPU.Deploy.0 = Release|Any CPU
		{F45AF5BA-87C1-4599-B797-32FBBAF19A4F}.Ad-Hoc|ARM.ActiveCfg = Release|Any CPU
		{F45AF5BA-87C1-4599-B797-32FBBAF19A4F}.Ad-Hoc|ARM.Build.0 = Release|Any CPU
		{F45AF5BA-87C1-4599-B797-32FBBAF19A4F}.Ad-Hoc|ARM.Deploy.0 = Release|Any CPU
		{F45AF5BA-87C1-4599-B797-32FBBAF19A4F}.Ad-Hoc|iPhone.ActiveCfg = Release|Any CPU
		{F45AF5BA-87C1-4599-B797-32FBBAF19A4F}.Ad-Hoc|iPhone.Build.0 = Release|Any CPU
		{F45AF5BA-87C1-4599-B797-32FBBAF19A4F}.Ad-Hoc|iPhone.Deploy.0 = Release|Any CPU
		{F45AF5BA-87C1-4599-B797-32FBBAF19A4F}.Ad-Hoc|iPhoneSimulator.ActiveCfg = Release|Any CPU
		{F45AF5BA-87C1-4599-B797-32FBBAF19A4F}.Ad-Hoc|iPhoneSimulator.Build.0 = Release|Any CPU
		{F45AF5BA-87C1-4599-B797-32FBBAF19A4F}.Ad-Hoc|iPhoneSimulator.Deploy.0 = Release|Any CPU
		{F45AF5BA-87C1-4599-B797-32FBBAF19A4F}.Ad-Hoc|x64.ActiveCfg = Release|Any CPU
		{F45AF5BA-87C1-4599-B797-32FBBAF19A4F}.Ad-Hoc|x64.Build.0 = Release|Any CPU
		{F45AF5BA-87C1-4599-B797-32FBBAF19A4F}.Ad-Hoc|x64.Deploy.0 = Release|Any CPU
		{F45AF5BA-87C1-4599-B797-32FBBAF19A4F}.Ad-Hoc|x86.ActiveCfg = Release|Any CPU
		{F45AF5BA-87C1-4599-B797-32FBBAF19A4F}.Ad-Hoc|x86.Build.0 = Release|Any CPU
		{F45AF5BA-87C1-4599-B797-32FBBAF19A4F}.Ad-Hoc|x86.Deploy.0 = Release|Any CPU
		{F45AF5BA-87C1-4599-B797-32FBBAF19A4F}.AppStore|Any CPU.ActiveCfg = Release|Any CPU
		{F45AF5BA-87C1-4599-B797-32FBBAF19A4F}.AppStore|Any CPU.Build.0 = Release|Any CPU
		{F45AF5BA-87C1-4599-B797-32FBBAF19A4F}.AppStore|Any CPU.Deploy.0 = Release|Any CPU
		{F45AF5BA-87C1-4599-B797-32FBBAF19A4F}.AppStore|ARM.ActiveCfg = Release|Any CPU
		{F45AF5BA-87C1-4599-B797-32FBBAF19A4F}.AppStore|ARM.Build.0 = Release|Any CPU
		{F45AF5BA-87C1-4599-B797-32FBBAF19A4F}.AppStore|ARM.Deploy.0 = Release|Any CPU
		{F45AF5BA-87C1-4599-B797-32FBBAF19A4F}.AppStore|iPhone.ActiveCfg = Release|Any CPU
		{F45AF5BA-87C1-4599-B797-32FBBAF19A4F}.AppStore|iPhone.Build.0 = Release|Any CPU
		{F45AF5BA-87C1-4599-B797-32FBBAF19A4F}.AppStore|iPhone.Deploy.0 = Release|Any CPU
		{F45AF5BA-87C1-4599-B797-32FBBAF19A4F}.AppStore|iPhoneSimulator.ActiveCfg = Release|Any CPU
		{F45AF5BA-87C1-4599-B797-32FBBAF19A4F}.AppStore|iPhoneSimulator.Build.0 = Release|Any CPU
		{F45AF5BA-87C1-4599-B797-32FBBAF19A4F}.AppStore|iPhoneSimulator.Deploy.0 = Release|Any CPU
		{F45AF5BA-87C1-4599-B797-32FBBAF19A4F}.AppStore|x64.ActiveCfg = Release|Any CPU
		{F45AF5BA-87C1-4599-B797-32FBBAF19A4F}.AppStore|x64.Build.0 = Release|Any CPU
		{F45AF5BA-87C1-4599-B797-32FBBAF19A4F}.AppStore|x64.Deploy.0 = Release|Any CPU
		{F45AF5BA-87C1-4599-B797-32FBBAF19A4F}.AppStore|x86.ActiveCfg = Release|Any CPU
		{F45AF5BA-87C1-4599-B797-32FBBAF19A4F}.AppStore|x86.Build.0 = Release|Any CPU
		{F45AF5BA-87C1-4599-B797-32FBBAF19A4F}.AppStore|x86.Deploy.0 = Release|Any CPU
		{F45AF5BA-87C1-4599-B797-32FBBAF19A4F}.Debug|Any CPU.ActiveCfg = Debug|Any CPU
		{F45AF5BA-87C1-4599-B797-32FBBAF19A4F}.Debug|Any CPU.Build.0 = Debug|Any CPU
		{F45AF5BA-87C1-4599-B797-32FBBAF19A4F}.Debug|Any CPU.Deploy.0 = Debug|Any CPU
		{F45AF5BA-87C1-4599-B797-32FBBAF19A4F}.Debug|ARM.ActiveCfg = Debug|Any CPU
		{F45AF5BA-87C1-4599-B797-32FBBAF19A4F}.Debug|ARM.Build.0 = Debug|Any CPU
		{F45AF5BA-87C1-4599-B797-32FBBAF19A4F}.Debug|ARM.Deploy.0 = Debug|Any CPU
		{F45AF5BA-87C1-4599-B797-32FBBAF19A4F}.Debug|iPhone.ActiveCfg = Debug|Any CPU
		{F45AF5BA-87C1-4599-B797-32FBBAF19A4F}.Debug|iPhone.Build.0 = Debug|Any CPU
		{F45AF5BA-87C1-4599-B797-32FBBAF19A4F}.Debug|iPhone.Deploy.0 = Debug|Any CPU
		{F45AF5BA-87C1-4599-B797-32FBBAF19A4F}.Debug|iPhoneSimulator.ActiveCfg = Debug|Any CPU
		{F45AF5BA-87C1-4599-B797-32FBBAF19A4F}.Debug|iPhoneSimulator.Build.0 = Debug|Any CPU
		{F45AF5BA-87C1-4599-B797-32FBBAF19A4F}.Debug|iPhoneSimulator.Deploy.0 = Debug|Any CPU
		{F45AF5BA-87C1-4599-B797-32FBBAF19A4F}.Debug|x64.ActiveCfg = Debug|Any CPU
		{F45AF5BA-87C1-4599-B797-32FBBAF19A4F}.Debug|x64.Build.0 = Debug|Any CPU
		{F45AF5BA-87C1-4599-B797-32FBBAF19A4F}.Debug|x64.Deploy.0 = Debug|Any CPU
		{F45AF5BA-87C1-4599-B797-32FBBAF19A4F}.Debug|x86.ActiveCfg = Debug|Any CPU
		{F45AF5BA-87C1-4599-B797-32FBBAF19A4F}.Debug|x86.Build.0 = Debug|Any CPU
		{F45AF5BA-87C1-4599-B797-32FBBAF19A4F}.Debug|x86.Deploy.0 = Debug|Any CPU
		{F45AF5BA-87C1-4599-B797-32FBBAF19A4F}.Release|Any CPU.ActiveCfg = Release|Any CPU
		{F45AF5BA-87C1-4599-B797-32FBBAF19A4F}.Release|Any CPU.Build.0 = Release|Any CPU
		{F45AF5BA-87C1-4599-B797-32FBBAF19A4F}.Release|Any CPU.Deploy.0 = Release|Any CPU
		{F45AF5BA-87C1-4599-B797-32FBBAF19A4F}.Release|ARM.ActiveCfg = Release|Any CPU
		{F45AF5BA-87C1-4599-B797-32FBBAF19A4F}.Release|ARM.Build.0 = Release|Any CPU
		{F45AF5BA-87C1-4599-B797-32FBBAF19A4F}.Release|ARM.Deploy.0 = Release|Any CPU
		{F45AF5BA-87C1-4599-B797-32FBBAF19A4F}.Release|iPhone.ActiveCfg = Release|Any CPU
		{F45AF5BA-87C1-4599-B797-32FBBAF19A4F}.Release|iPhone.Build.0 = Release|Any CPU
		{F45AF5BA-87C1-4599-B797-32FBBAF19A4F}.Release|iPhone.Deploy.0 = Release|Any CPU
		{F45AF5BA-87C1-4599-B797-32FBBAF19A4F}.Release|iPhoneSimulator.ActiveCfg = Release|Any CPU
		{F45AF5BA-87C1-4599-B797-32FBBAF19A4F}.Release|iPhoneSimulator.Build.0 = Release|Any CPU
		{F45AF5BA-87C1-4599-B797-32FBBAF19A4F}.Release|iPhoneSimulator.Deploy.0 = Release|Any CPU
		{F45AF5BA-87C1-4599-B797-32FBBAF19A4F}.Release|x64.ActiveCfg = Release|Any CPU
		{F45AF5BA-87C1-4599-B797-32FBBAF19A4F}.Release|x64.Build.0 = Release|Any CPU
		{F45AF5BA-87C1-4599-B797-32FBBAF19A4F}.Release|x64.Deploy.0 = Release|Any CPU
		{F45AF5BA-87C1-4599-B797-32FBBAF19A4F}.Release|x86.ActiveCfg = Release|Any CPU
		{F45AF5BA-87C1-4599-B797-32FBBAF19A4F}.Release|x86.Build.0 = Release|Any CPU
		{F45AF5BA-87C1-4599-B797-32FBBAF19A4F}.Release|x86.Deploy.0 = Release|Any CPU
		{27F92734-C67A-44FA-A8B4-7B4533FF1B16}.Ad-Hoc|Any CPU.ActiveCfg = Ad-Hoc|iPhone
		{27F92734-C67A-44FA-A8B4-7B4533FF1B16}.Ad-Hoc|Any CPU.Build.0 = Ad-Hoc|iPhone
		{27F92734-C67A-44FA-A8B4-7B4533FF1B16}.Ad-Hoc|Any CPU.Deploy.0 = Ad-Hoc|iPhone
		{27F92734-C67A-44FA-A8B4-7B4533FF1B16}.Ad-Hoc|ARM.ActiveCfg = Ad-Hoc|iPhone
		{27F92734-C67A-44FA-A8B4-7B4533FF1B16}.Ad-Hoc|ARM.Build.0 = Ad-Hoc|iPhone
		{27F92734-C67A-44FA-A8B4-7B4533FF1B16}.Ad-Hoc|ARM.Deploy.0 = Ad-Hoc|iPhone
		{27F92734-C67A-44FA-A8B4-7B4533FF1B16}.Ad-Hoc|iPhone.ActiveCfg = Ad-Hoc|iPhone
		{27F92734-C67A-44FA-A8B4-7B4533FF1B16}.Ad-Hoc|iPhone.Build.0 = Ad-Hoc|iPhone
		{27F92734-C67A-44FA-A8B4-7B4533FF1B16}.Ad-Hoc|iPhone.Deploy.0 = Ad-Hoc|iPhone
		{27F92734-C67A-44FA-A8B4-7B4533FF1B16}.Ad-Hoc|iPhoneSimulator.ActiveCfg = Ad-Hoc|iPhoneSimulator
		{27F92734-C67A-44FA-A8B4-7B4533FF1B16}.Ad-Hoc|iPhoneSimulator.Build.0 = Ad-Hoc|iPhoneSimulator
		{27F92734-C67A-44FA-A8B4-7B4533FF1B16}.Ad-Hoc|iPhoneSimulator.Deploy.0 = Ad-Hoc|iPhoneSimulator
		{27F92734-C67A-44FA-A8B4-7B4533FF1B16}.Ad-Hoc|x64.ActiveCfg = Ad-Hoc|iPhone
		{27F92734-C67A-44FA-A8B4-7B4533FF1B16}.Ad-Hoc|x64.Build.0 = Ad-Hoc|iPhone
		{27F92734-C67A-44FA-A8B4-7B4533FF1B16}.Ad-Hoc|x64.Deploy.0 = Ad-Hoc|iPhone
		{27F92734-C67A-44FA-A8B4-7B4533FF1B16}.Ad-Hoc|x86.ActiveCfg = Ad-Hoc|iPhone
		{27F92734-C67A-44FA-A8B4-7B4533FF1B16}.Ad-Hoc|x86.Build.0 = Ad-Hoc|iPhone
		{27F92734-C67A-44FA-A8B4-7B4533FF1B16}.Ad-Hoc|x86.Deploy.0 = Ad-Hoc|iPhone
		{27F92734-C67A-44FA-A8B4-7B4533FF1B16}.AppStore|Any CPU.ActiveCfg = AppStore|iPhone
		{27F92734-C67A-44FA-A8B4-7B4533FF1B16}.AppStore|Any CPU.Build.0 = AppStore|iPhone
		{27F92734-C67A-44FA-A8B4-7B4533FF1B16}.AppStore|Any CPU.Deploy.0 = AppStore|iPhone
		{27F92734-C67A-44FA-A8B4-7B4533FF1B16}.AppStore|ARM.ActiveCfg = AppStore|iPhone
		{27F92734-C67A-44FA-A8B4-7B4533FF1B16}.AppStore|ARM.Build.0 = AppStore|iPhone
		{27F92734-C67A-44FA-A8B4-7B4533FF1B16}.AppStore|ARM.Deploy.0 = AppStore|iPhone
		{27F92734-C67A-44FA-A8B4-7B4533FF1B16}.AppStore|iPhone.ActiveCfg = AppStore|iPhone
		{27F92734-C67A-44FA-A8B4-7B4533FF1B16}.AppStore|iPhone.Build.0 = AppStore|iPhone
		{27F92734-C67A-44FA-A8B4-7B4533FF1B16}.AppStore|iPhone.Deploy.0 = AppStore|iPhone
		{27F92734-C67A-44FA-A8B4-7B4533FF1B16}.AppStore|iPhoneSimulator.ActiveCfg = AppStore|iPhoneSimulator
		{27F92734-C67A-44FA-A8B4-7B4533FF1B16}.AppStore|iPhoneSimulator.Build.0 = AppStore|iPhoneSimulator
		{27F92734-C67A-44FA-A8B4-7B4533FF1B16}.AppStore|iPhoneSimulator.Deploy.0 = AppStore|iPhoneSimulator
		{27F92734-C67A-44FA-A8B4-7B4533FF1B16}.AppStore|x64.ActiveCfg = AppStore|iPhone
		{27F92734-C67A-44FA-A8B4-7B4533FF1B16}.AppStore|x64.Build.0 = AppStore|iPhone
		{27F92734-C67A-44FA-A8B4-7B4533FF1B16}.AppStore|x64.Deploy.0 = AppStore|iPhone
		{27F92734-C67A-44FA-A8B4-7B4533FF1B16}.AppStore|x86.ActiveCfg = AppStore|iPhone
		{27F92734-C67A-44FA-A8B4-7B4533FF1B16}.AppStore|x86.Build.0 = AppStore|iPhone
		{27F92734-C67A-44FA-A8B4-7B4533FF1B16}.AppStore|x86.Deploy.0 = AppStore|iPhone
		{27F92734-C67A-44FA-A8B4-7B4533FF1B16}.Debug|Any CPU.ActiveCfg = Debug|iPhoneSimulator
		{27F92734-C67A-44FA-A8B4-7B4533FF1B16}.Debug|Any CPU.Build.0 = Debug|iPhoneSimulator
		{27F92734-C67A-44FA-A8B4-7B4533FF1B16}.Debug|Any CPU.Deploy.0 = Debug|iPhoneSimulator
		{27F92734-C67A-44FA-A8B4-7B4533FF1B16}.Debug|ARM.ActiveCfg = Debug|iPhone
		{27F92734-C67A-44FA-A8B4-7B4533FF1B16}.Debug|ARM.Build.0 = Debug|iPhone
		{27F92734-C67A-44FA-A8B4-7B4533FF1B16}.Debug|ARM.Deploy.0 = Debug|iPhone
		{27F92734-C67A-44FA-A8B4-7B4533FF1B16}.Debug|iPhone.ActiveCfg = Debug|iPhone
		{27F92734-C67A-44FA-A8B4-7B4533FF1B16}.Debug|iPhone.Build.0 = Debug|iPhone
		{27F92734-C67A-44FA-A8B4-7B4533FF1B16}.Debug|iPhone.Deploy.0 = Debug|iPhone
		{27F92734-C67A-44FA-A8B4-7B4533FF1B16}.Debug|iPhoneSimulator.ActiveCfg = Debug|iPhoneSimulator
		{27F92734-C67A-44FA-A8B4-7B4533FF1B16}.Debug|iPhoneSimulator.Build.0 = Debug|iPhoneSimulator
		{27F92734-C67A-44FA-A8B4-7B4533FF1B16}.Debug|iPhoneSimulator.Deploy.0 = Debug|iPhoneSimulator
		{27F92734-C67A-44FA-A8B4-7B4533FF1B16}.Debug|x64.ActiveCfg = Debug|iPhone
		{27F92734-C67A-44FA-A8B4-7B4533FF1B16}.Debug|x64.Build.0 = Debug|iPhone
		{27F92734-C67A-44FA-A8B4-7B4533FF1B16}.Debug|x64.Deploy.0 = Debug|iPhone
		{27F92734-C67A-44FA-A8B4-7B4533FF1B16}.Debug|x86.ActiveCfg = Debug|iPhone
		{27F92734-C67A-44FA-A8B4-7B4533FF1B16}.Debug|x86.Build.0 = Debug|iPhone
		{27F92734-C67A-44FA-A8B4-7B4533FF1B16}.Debug|x86.Deploy.0 = Debug|iPhone
		{27F92734-C67A-44FA-A8B4-7B4533FF1B16}.Release|Any CPU.ActiveCfg = Release|iPhone
		{27F92734-C67A-44FA-A8B4-7B4533FF1B16}.Release|Any CPU.Build.0 = Release|iPhone
		{27F92734-C67A-44FA-A8B4-7B4533FF1B16}.Release|Any CPU.Deploy.0 = Release|iPhone
		{27F92734-C67A-44FA-A8B4-7B4533FF1B16}.Release|ARM.ActiveCfg = Release|iPhone
		{27F92734-C67A-44FA-A8B4-7B4533FF1B16}.Release|ARM.Build.0 = Release|iPhone
		{27F92734-C67A-44FA-A8B4-7B4533FF1B16}.Release|ARM.Deploy.0 = Release|iPhone
		{27F92734-C67A-44FA-A8B4-7B4533FF1B16}.Release|iPhone.ActiveCfg = Release|iPhone
		{27F92734-C67A-44FA-A8B4-7B4533FF1B16}.Release|iPhone.Build.0 = Release|iPhone
		{27F92734-C67A-44FA-A8B4-7B4533FF1B16}.Release|iPhone.Deploy.0 = Release|iPhone
		{27F92734-C67A-44FA-A8B4-7B4533FF1B16}.Release|iPhoneSimulator.ActiveCfg = Release|iPhoneSimulator
		{27F92734-C67A-44FA-A8B4-7B4533FF1B16}.Release|iPhoneSimulator.Build.0 = Release|iPhoneSimulator
		{27F92734-C67A-44FA-A8B4-7B4533FF1B16}.Release|iPhoneSimulator.Deploy.0 = Release|iPhoneSimulator
		{27F92734-C67A-44FA-A8B4-7B4533FF1B16}.Release|x64.ActiveCfg = Release|iPhone
		{27F92734-C67A-44FA-A8B4-7B4533FF1B16}.Release|x64.Build.0 = Release|iPhone
		{27F92734-C67A-44FA-A8B4-7B4533FF1B16}.Release|x64.Deploy.0 = Release|iPhone
		{27F92734-C67A-44FA-A8B4-7B4533FF1B16}.Release|x86.ActiveCfg = Release|iPhone
		{27F92734-C67A-44FA-A8B4-7B4533FF1B16}.Release|x86.Build.0 = Release|iPhone
		{27F92734-C67A-44FA-A8B4-7B4533FF1B16}.Release|x86.Deploy.0 = Release|iPhone
		{CDD2044A-D9D2-426B-831D-51A79412D378}.Ad-Hoc|Any CPU.ActiveCfg = Release|x86
		{CDD2044A-D9D2-426B-831D-51A79412D378}.Ad-Hoc|Any CPU.Build.0 = Release|x86
		{CDD2044A-D9D2-426B-831D-51A79412D378}.Ad-Hoc|Any CPU.Deploy.0 = Release|x86
		{CDD2044A-D9D2-426B-831D-51A79412D378}.Ad-Hoc|ARM.ActiveCfg = Release|ARM
		{CDD2044A-D9D2-426B-831D-51A79412D378}.Ad-Hoc|ARM.Build.0 = Release|ARM
		{CDD2044A-D9D2-426B-831D-51A79412D378}.Ad-Hoc|ARM.Deploy.0 = Release|ARM
		{CDD2044A-D9D2-426B-831D-51A79412D378}.Ad-Hoc|iPhone.ActiveCfg = Release|x86
		{CDD2044A-D9D2-426B-831D-51A79412D378}.Ad-Hoc|iPhone.Build.0 = Release|x86
		{CDD2044A-D9D2-426B-831D-51A79412D378}.Ad-Hoc|iPhone.Deploy.0 = Release|x86
		{CDD2044A-D9D2-426B-831D-51A79412D378}.Ad-Hoc|iPhoneSimulator.ActiveCfg = Release|x86
		{CDD2044A-D9D2-426B-831D-51A79412D378}.Ad-Hoc|iPhoneSimulator.Build.0 = Release|x86
		{CDD2044A-D9D2-426B-831D-51A79412D378}.Ad-Hoc|iPhoneSimulator.Deploy.0 = Release|x86
		{CDD2044A-D9D2-426B-831D-51A79412D378}.Ad-Hoc|x64.ActiveCfg = Release|x64
		{CDD2044A-D9D2-426B-831D-51A79412D378}.Ad-Hoc|x64.Build.0 = Release|x64
		{CDD2044A-D9D2-426B-831D-51A79412D378}.Ad-Hoc|x64.Deploy.0 = Release|x64
		{CDD2044A-D9D2-426B-831D-51A79412D378}.Ad-Hoc|x86.ActiveCfg = Release|x86
		{CDD2044A-D9D2-426B-831D-51A79412D378}.Ad-Hoc|x86.Build.0 = Release|x86
		{CDD2044A-D9D2-426B-831D-51A79412D378}.Ad-Hoc|x86.Deploy.0 = Release|x86
		{CDD2044A-D9D2-426B-831D-51A79412D378}.AppStore|Any CPU.ActiveCfg = Release|x86
		{CDD2044A-D9D2-426B-831D-51A79412D378}.AppStore|Any CPU.Build.0 = Release|x86
		{CDD2044A-D9D2-426B-831D-51A79412D378}.AppStore|Any CPU.Deploy.0 = Release|x86
		{CDD2044A-D9D2-426B-831D-51A79412D378}.AppStore|ARM.ActiveCfg = Release|ARM
		{CDD2044A-D9D2-426B-831D-51A79412D378}.AppStore|ARM.Build.0 = Release|ARM
		{CDD2044A-D9D2-426B-831D-51A79412D378}.AppStore|ARM.Deploy.0 = Release|ARM
		{CDD2044A-D9D2-426B-831D-51A79412D378}.AppStore|iPhone.ActiveCfg = Release|x86
		{CDD2044A-D9D2-426B-831D-51A79412D378}.AppStore|iPhone.Build.0 = Release|x86
		{CDD2044A-D9D2-426B-831D-51A79412D378}.AppStore|iPhone.Deploy.0 = Release|x86
		{CDD2044A-D9D2-426B-831D-51A79412D378}.AppStore|iPhoneSimulator.ActiveCfg = Release|x86
		{CDD2044A-D9D2-426B-831D-51A79412D378}.AppStore|iPhoneSimulator.Build.0 = Release|x86
		{CDD2044A-D9D2-426B-831D-51A79412D378}.AppStore|iPhoneSimulator.Deploy.0 = Release|x86
		{CDD2044A-D9D2-426B-831D-51A79412D378}.AppStore|x64.ActiveCfg = Release|x64
		{CDD2044A-D9D2-426B-831D-51A79412D378}.AppStore|x64.Build.0 = Release|x64
		{CDD2044A-D9D2-426B-831D-51A79412D378}.AppStore|x64.Deploy.0 = Release|x64
		{CDD2044A-D9D2-426B-831D-51A79412D378}.AppStore|x86.ActiveCfg = Release|x86
		{CDD2044A-D9D2-426B-831D-51A79412D378}.AppStore|x86.Build.0 = Release|x86
		{CDD2044A-D9D2-426B-831D-51A79412D378}.AppStore|x86.Deploy.0 = Release|x86
		{CDD2044A-D9D2-426B-831D-51A79412D378}.Debug|Any CPU.ActiveCfg = Debug|x86
		{CDD2044A-D9D2-426B-831D-51A79412D378}.Debug|Any CPU.Build.0 = Debug|x86
		{CDD2044A-D9D2-426B-831D-51A79412D378}.Debug|Any CPU.Deploy.0 = Debug|x86
		{CDD2044A-D9D2-426B-831D-51A79412D378}.Debug|ARM.ActiveCfg = Debug|ARM
		{CDD2044A-D9D2-426B-831D-51A79412D378}.Debug|ARM.Build.0 = Debug|ARM
		{CDD2044A-D9D2-426B-831D-51A79412D378}.Debug|ARM.Deploy.0 = Debug|ARM
		{CDD2044A-D9D2-426B-831D-51A79412D378}.Debug|iPhone.ActiveCfg = Debug|x86
		{CDD2044A-D9D2-426B-831D-51A79412D378}.Debug|iPhone.Build.0 = Debug|x86
		{CDD2044A-D9D2-426B-831D-51A79412D378}.Debug|iPhone.Deploy.0 = Debug|x86
		{CDD2044A-D9D2-426B-831D-51A79412D378}.Debug|iPhoneSimulator.ActiveCfg = Debug|x86
		{CDD2044A-D9D2-426B-831D-51A79412D378}.Debug|iPhoneSimulator.Build.0 = Debug|x86
		{CDD2044A-D9D2-426B-831D-51A79412D378}.Debug|iPhoneSimulator.Deploy.0 = Debug|x86
		{CDD2044A-D9D2-426B-831D-51A79412D378}.Debug|x64.ActiveCfg = Debug|x64
		{CDD2044A-D9D2-426B-831D-51A79412D378}.Debug|x64.Build.0 = Debug|x64
		{CDD2044A-D9D2-426B-831D-51A79412D378}.Debug|x64.Deploy.0 = Debug|x64
		{CDD2044A-D9D2-426B-831D-51A79412D378}.Debug|x86.ActiveCfg = Debug|x86
		{CDD2044A-D9D2-426B-831D-51A79412D378}.Debug|x86.Build.0 = Debug|x86
		{CDD2044A-D9D2-426B-831D-51A79412D378}.Debug|x86.Deploy.0 = Debug|x86
		{CDD2044A-D9D2-426B-831D-51A79412D378}.Release|Any CPU.ActiveCfg = Release|x86
		{CDD2044A-D9D2-426B-831D-51A79412D378}.Release|Any CPU.Build.0 = Release|x86
		{CDD2044A-D9D2-426B-831D-51A79412D378}.Release|Any CPU.Deploy.0 = Release|x86
		{CDD2044A-D9D2-426B-831D-51A79412D378}.Release|ARM.ActiveCfg = Release|ARM
		{CDD2044A-D9D2-426B-831D-51A79412D378}.Release|ARM.Build.0 = Release|ARM
		{CDD2044A-D9D2-426B-831D-51A79412D378}.Release|ARM.Deploy.0 = Release|ARM
		{CDD2044A-D9D2-426B-831D-51A79412D378}.Release|iPhone.ActiveCfg = Release|x86
		{CDD2044A-D9D2-426B-831D-51A79412D378}.Release|iPhone.Build.0 = Release|x86
		{CDD2044A-D9D2-426B-831D-51A79412D378}.Release|iPhone.Deploy.0 = Release|x86
		{CDD2044A-D9D2-426B-831D-51A79412D378}.Release|iPhoneSimulator.ActiveCfg = Release|x86
		{CDD2044A-D9D2-426B-831D-51A79412D378}.Release|iPhoneSimulator.Build.0 = Release|x86
		{CDD2044A-D9D2-426B-831D-51A79412D378}.Release|iPhoneSimulator.Deploy.0 = Release|x86
		{CDD2044A-D9D2-426B-831D-51A79412D378}.Release|x64.ActiveCfg = Release|x64
		{CDD2044A-D9D2-426B-831D-51A79412D378}.Release|x64.Build.0 = Release|x64
		{CDD2044A-D9D2-426B-831D-51A79412D378}.Release|x64.Deploy.0 = Release|x64
		{CDD2044A-D9D2-426B-831D-51A79412D378}.Release|x86.ActiveCfg = Release|x86
		{CDD2044A-D9D2-426B-831D-51A79412D378}.Release|x86.Build.0 = Release|x86
		{CDD2044A-D9D2-426B-831D-51A79412D378}.Release|x86.Deploy.0 = Release|x86
		{4FF7B0C3-FEB9-45BF-93F7-4C99722B759B}.Ad-Hoc|Any CPU.ActiveCfg = Debug|Any CPU
		{4FF7B0C3-FEB9-45BF-93F7-4C99722B759B}.Ad-Hoc|Any CPU.Build.0 = Debug|Any CPU
		{4FF7B0C3-FEB9-45BF-93F7-4C99722B759B}.Ad-Hoc|Any CPU.Deploy.0 = Debug|Any CPU
		{4FF7B0C3-FEB9-45BF-93F7-4C99722B759B}.Ad-Hoc|ARM.ActiveCfg = Debug|Any CPU
		{4FF7B0C3-FEB9-45BF-93F7-4C99722B759B}.Ad-Hoc|ARM.Build.0 = Debug|Any CPU
		{4FF7B0C3-FEB9-45BF-93F7-4C99722B759B}.Ad-Hoc|ARM.Deploy.0 = Debug|Any CPU
		{4FF7B0C3-FEB9-45BF-93F7-4C99722B759B}.Ad-Hoc|iPhone.ActiveCfg = Debug|Any CPU
		{4FF7B0C3-FEB9-45BF-93F7-4C99722B759B}.Ad-Hoc|iPhone.Build.0 = Debug|Any CPU
		{4FF7B0C3-FEB9-45BF-93F7-4C99722B759B}.Ad-Hoc|iPhone.Deploy.0 = Debug|Any CPU
		{4FF7B0C3-FEB9-45BF-93F7-4C99722B759B}.Ad-Hoc|iPhoneSimulator.ActiveCfg = Debug|Any CPU
		{4FF7B0C3-FEB9-45BF-93F7-4C99722B759B}.Ad-Hoc|iPhoneSimulator.Build.0 = Debug|Any CPU
		{4FF7B0C3-FEB9-45BF-93F7-4C99722B759B}.Ad-Hoc|iPhoneSimulator.Deploy.0 = Debug|Any CPU
		{4FF7B0C3-FEB9-45BF-93F7-4C99722B759B}.Ad-Hoc|x64.ActiveCfg = Debug|Any CPU
		{4FF7B0C3-FEB9-45BF-93F7-4C99722B759B}.Ad-Hoc|x64.Build.0 = Debug|Any CPU
		{4FF7B0C3-FEB9-45BF-93F7-4C99722B759B}.Ad-Hoc|x64.Deploy.0 = Debug|Any CPU
		{4FF7B0C3-FEB9-45BF-93F7-4C99722B759B}.Ad-Hoc|x86.ActiveCfg = Debug|Any CPU
		{4FF7B0C3-FEB9-45BF-93F7-4C99722B759B}.Ad-Hoc|x86.Build.0 = Debug|Any CPU
		{4FF7B0C3-FEB9-45BF-93F7-4C99722B759B}.Ad-Hoc|x86.Deploy.0 = Debug|Any CPU
		{4FF7B0C3-FEB9-45BF-93F7-4C99722B759B}.AppStore|Any CPU.ActiveCfg = Debug|Any CPU
		{4FF7B0C3-FEB9-45BF-93F7-4C99722B759B}.AppStore|Any CPU.Build.0 = Debug|Any CPU
		{4FF7B0C3-FEB9-45BF-93F7-4C99722B759B}.AppStore|Any CPU.Deploy.0 = Debug|Any CPU
		{4FF7B0C3-FEB9-45BF-93F7-4C99722B759B}.AppStore|ARM.ActiveCfg = Debug|Any CPU
		{4FF7B0C3-FEB9-45BF-93F7-4C99722B759B}.AppStore|ARM.Build.0 = Debug|Any CPU
		{4FF7B0C3-FEB9-45BF-93F7-4C99722B759B}.AppStore|ARM.Deploy.0 = Debug|Any CPU
		{4FF7B0C3-FEB9-45BF-93F7-4C99722B759B}.AppStore|iPhone.ActiveCfg = Debug|Any CPU
		{4FF7B0C3-FEB9-45BF-93F7-4C99722B759B}.AppStore|iPhone.Build.0 = Debug|Any CPU
		{4FF7B0C3-FEB9-45BF-93F7-4C99722B759B}.AppStore|iPhone.Deploy.0 = Debug|Any CPU
		{4FF7B0C3-FEB9-45BF-93F7-4C99722B759B}.AppStore|iPhoneSimulator.ActiveCfg = Debug|Any CPU
		{4FF7B0C3-FEB9-45BF-93F7-4C99722B759B}.AppStore|iPhoneSimulator.Build.0 = Debug|Any CPU
		{4FF7B0C3-FEB9-45BF-93F7-4C99722B759B}.AppStore|iPhoneSimulator.Deploy.0 = Debug|Any CPU
		{4FF7B0C3-FEB9-45BF-93F7-4C99722B759B}.AppStore|x64.ActiveCfg = Debug|Any CPU
		{4FF7B0C3-FEB9-45BF-93F7-4C99722B759B}.AppStore|x64.Build.0 = Debug|Any CPU
		{4FF7B0C3-FEB9-45BF-93F7-4C99722B759B}.AppStore|x64.Deploy.0 = Debug|Any CPU
		{4FF7B0C3-FEB9-45BF-93F7-4C99722B759B}.AppStore|x86.ActiveCfg = Debug|Any CPU
		{4FF7B0C3-FEB9-45BF-93F7-4C99722B759B}.AppStore|x86.Build.0 = Debug|Any CPU
		{4FF7B0C3-FEB9-45BF-93F7-4C99722B759B}.AppStore|x86.Deploy.0 = Debug|Any CPU
		{4FF7B0C3-FEB9-45BF-93F7-4C99722B759B}.Debug|Any CPU.ActiveCfg = Debug|Any CPU
		{4FF7B0C3-FEB9-45BF-93F7-4C99722B759B}.Debug|Any CPU.Build.0 = Debug|Any CPU
		{4FF7B0C3-FEB9-45BF-93F7-4C99722B759B}.Debug|Any CPU.Deploy.0 = Debug|Any CPU
		{4FF7B0C3-FEB9-45BF-93F7-4C99722B759B}.Debug|ARM.ActiveCfg = Debug|Any CPU
		{4FF7B0C3-FEB9-45BF-93F7-4C99722B759B}.Debug|ARM.Build.0 = Debug|Any CPU
		{4FF7B0C3-FEB9-45BF-93F7-4C99722B759B}.Debug|ARM.Deploy.0 = Debug|Any CPU
		{4FF7B0C3-FEB9-45BF-93F7-4C99722B759B}.Debug|iPhone.ActiveCfg = Debug|Any CPU
		{4FF7B0C3-FEB9-45BF-93F7-4C99722B759B}.Debug|iPhone.Build.0 = Debug|Any CPU
		{4FF7B0C3-FEB9-45BF-93F7-4C99722B759B}.Debug|iPhone.Deploy.0 = Debug|Any CPU
		{4FF7B0C3-FEB9-45BF-93F7-4C99722B759B}.Debug|iPhoneSimulator.ActiveCfg = Debug|Any CPU
		{4FF7B0C3-FEB9-45BF-93F7-4C99722B759B}.Debug|iPhoneSimulator.Build.0 = Debug|Any CPU
		{4FF7B0C3-FEB9-45BF-93F7-4C99722B759B}.Debug|iPhoneSimulator.Deploy.0 = Debug|Any CPU
		{4FF7B0C3-FEB9-45BF-93F7-4C99722B759B}.Debug|x64.ActiveCfg = Debug|Any CPU
		{4FF7B0C3-FEB9-45BF-93F7-4C99722B759B}.Debug|x64.Build.0 = Debug|Any CPU
		{4FF7B0C3-FEB9-45BF-93F7-4C99722B759B}.Debug|x64.Deploy.0 = Debug|Any CPU
		{4FF7B0C3-FEB9-45BF-93F7-4C99722B759B}.Debug|x86.ActiveCfg = Debug|Any CPU
		{4FF7B0C3-FEB9-45BF-93F7-4C99722B759B}.Debug|x86.Build.0 = Debug|Any CPU
		{4FF7B0C3-FEB9-45BF-93F7-4C99722B759B}.Debug|x86.Deploy.0 = Debug|Any CPU
		{4FF7B0C3-FEB9-45BF-93F7-4C99722B759B}.Release|Any CPU.ActiveCfg = Release|Any CPU
		{4FF7B0C3-FEB9-45BF-93F7-4C99722B759B}.Release|Any CPU.Build.0 = Release|Any CPU
		{4FF7B0C3-FEB9-45BF-93F7-4C99722B759B}.Release|Any CPU.Deploy.0 = Release|Any CPU
		{4FF7B0C3-FEB9-45BF-93F7-4C99722B759B}.Release|ARM.ActiveCfg = Release|Any CPU
		{4FF7B0C3-FEB9-45BF-93F7-4C99722B759B}.Release|ARM.Build.0 = Release|Any CPU
		{4FF7B0C3-FEB9-45BF-93F7-4C99722B759B}.Release|ARM.Deploy.0 = Release|Any CPU
		{4FF7B0C3-FEB9-45BF-93F7-4C99722B759B}.Release|iPhone.ActiveCfg = Release|Any CPU
		{4FF7B0C3-FEB9-45BF-93F7-4C99722B759B}.Release|iPhone.Build.0 = Release|Any CPU
		{4FF7B0C3-FEB9-45BF-93F7-4C99722B759B}.Release|iPhone.Deploy.0 = Release|Any CPU
		{4FF7B0C3-FEB9-45BF-93F7-4C99722B759B}.Release|iPhoneSimulator.ActiveCfg = Release|Any CPU
		{4FF7B0C3-FEB9-45BF-93F7-4C99722B759B}.Release|iPhoneSimulator.Build.0 = Release|Any CPU
		{4FF7B0C3-FEB9-45BF-93F7-4C99722B759B}.Release|iPhoneSimulator.Deploy.0 = Release|Any CPU
		{4FF7B0C3-FEB9-45BF-93F7-4C99722B759B}.Release|x64.ActiveCfg = Release|Any CPU
		{4FF7B0C3-FEB9-45BF-93F7-4C99722B759B}.Release|x64.Build.0 = Release|Any CPU
		{4FF7B0C3-FEB9-45BF-93F7-4C99722B759B}.Release|x64.Deploy.0 = Release|Any CPU
		{4FF7B0C3-FEB9-45BF-93F7-4C99722B759B}.Release|x86.ActiveCfg = Release|Any CPU
		{4FF7B0C3-FEB9-45BF-93F7-4C99722B759B}.Release|x86.Build.0 = Release|Any CPU
		{4FF7B0C3-FEB9-45BF-93F7-4C99722B759B}.Release|x86.Deploy.0 = Release|Any CPU
	EndGlobalSection
	GlobalSection(SolutionProperties) = preSolution
		HideSolutionNode = FALSE
	EndGlobalSection
	GlobalSection(ExtensibilityGlobals) = postSolution
		SolutionGuid = {ABCD3831-13F0-4FA1-895E-F378D088ED4D}
	EndGlobalSection
EndGlobal
